{
  "name": "asciimath-markdown",
  "version": "0.1.0",
  "lockfileVersion": 3,
  "requires": true,
  "packages": {
    "": {
      "name": "asciimath-markdown",
      "version": "0.1.0",
      "license": "MIT",
      "dependencies": {
        "asciimath-parser": "^0.6.11"
      },
      "peerDependencies": {
        "katex": ">=0.16"
      },
      "peerDependenciesMeta": {
        "katex": {
          "optional": true
        }
      }
    },
    "node_modules/asciimath-parser": {
      "version": "0.6.11",
      "resolved": "https://registry.npmjs.org/asciimath-parser/-/asciimath-parser-0.6.11.tgz",
      "integrity": "sha512-vA10SkftYf0c+ET0RypTXyx1Bgf4hEkXoFoKClNxCDom1YH2dFqZzOYd6Qv/iziYdI0TbOYtxzL1n1yIM6SZTw==",
      "license": "MIT"
    }
  }
}
